
Microsoft Visual Studio Solution File, Format Version 12.00
# Visual Studio Version 17
VisualStudioVersion = 17.5.33530.505
MinimumVisualStudioVersion = 10.0.40219.1
Project("{FAE04EC0-301F-11D3-BF4B-00C04F79EFBC}") = "AzureWebApp06", "AzureWebApp06\AzureWebApp06.csproj", "{2361568E-5575-4D8A-BED8-D9E3D7FB0177}"
EndProject
Global
	GlobalSection(SolutionConfigurationPlatforms) = preSolution
		Debug|Any CPU = Debug|Any CPU
		Release|Any CPU = Release|Any CPU
	EndGlobalSection
	GlobalSection(ProjectConfigurationPlatforms) = postSolution
		{2361568E-5575-4D8A-BED8-D9E3D7FB0177}.Debug|Any CPU.ActiveCfg = Debug|Any CPU
		{2361568E-5575-4D8A-BED8-D9E3D7FB0177}.Debug|Any CPU.Build.0 = Debug|Any CPU
		{2361568E-5575-4D8A-BED8-D9E3D7FB0177}.Release|Any CPU.ActiveCfg = Release|Any CPU
		{2361568E-5575-4D8A-BED8-D9E3D7FB0177}.Release|Any CPU.Build.0 = Release|Any CPU
	EndGlobalSection
	GlobalSection(SolutionProperties) = preSolution
		HideSolutionNode = FALSE
	EndGlobalSection
	GlobalSection(ExtensibilityGlobals) = postSolution
		SolutionGuid = {F8E32ADC-3BAC-45F5-823F-2F8D45CCEBB0}
	EndGlobalSection
EndGlobal
